
Microsoft Visual Studio Solution File, Format Version 11.00
# Visual Studio 2010
Project("{FAE04EC0-301F-11D3-BF4B-00C04F79EFBC}") = "MusicBackup", "MusicBackup\MusicBackup.csproj", "{BA57847C-9828-4B73-B454-A217B875F6A9}"
EndProject
Project("{FAE04EC0-301F-11D3-BF4B-00C04F79EFBC}") = "Loki.Utils", "Loki.Utils\Loki.Utils.csproj", "{7659030B-18DD-411A-B776-5C95A1ACEACC}"
EndProject
Project("{FAE04EC0-301F-11D3-BF4B-00C04F79EFBC}") = "MusicBackup.ConsoleApp", "MusicBackup.ConsoleApp\MusicBackup.ConsoleApp.csproj", "{29A52D4C-716E-4B7C-87CE-CCA59168DD03}"
EndProject
Global
	GlobalSection(SolutionConfigurationPlatforms) = preSolution
		Debug|Any CPU = Debug|Any CPU
		Debug|Mixed Platforms = Debug|Mixed Platforms
		Debug|x86 = Debug|x86
		Release|Any CPU = Release|Any CPU
		Release|Mixed Platforms = Release|Mixed Platforms
		Release|x86 = Release|x86
	EndGlobalSection
	GlobalSection(ProjectConfigurationPlatforms) = postSolution
		{BA57847C-9828-4B73-B454-A217B875F6A9}.Debug|Any CPU.ActiveCfg = Debug|x86
		{BA57847C-9828-4B73-B454-A217B875F6A9}.Debug|Mixed Platforms.ActiveCfg = Debug|x86
		{BA57847C-9828-4B73-B454-A217B875F6A9}.Debug|Mixed Platforms.Build.0 = Debug|x86
		{BA57847C-9828-4B73-B454-A217B875F6A9}.Debug|x86.ActiveCfg = Debug|x86
		{BA57847C-9828-4B73-B454-A217B875F6A9}.Debug|x86.Build.0 = Debug|x86
		{BA57847C-9828-4B73-B454-A217B875F6A9}.Release|Any CPU.ActiveCfg = Release|x86
		{BA57847C-9828-4B73-B454-A217B875F6A9}.Release|Mixed Platforms.ActiveCfg = Release|x86
		{BA57847C-9828-4B73-B454-A217B875F6A9}.Release|Mixed Platforms.Build.0 = Release|x86
		{BA57847C-9828-4B73-B454-A217B875F6A9}.Release|x86.ActiveCfg = Release|x86
		{BA57847C-9828-4B73-B454-A217B875F6A9}.Release|x86.Build.0 = Release|x86
		{7659030B-18DD-411A-B776-5C95A1ACEACC}.Debug|Any CPU.ActiveCfg = Debug|Any CPU
		{7659030B-18DD-411A-B776-5C95A1ACEACC}.Debug|Any CPU.Build.0 = Debug|Any CPU
		{7659030B-18DD-411A-B776-5C95A1ACEACC}.Debug|Mixed Platforms.ActiveCfg = Debug|Any CPU
		{7659030B-18DD-411A-B776-5C95A1ACEACC}.Debug|Mixed Platforms.Build.0 = Debug|Any CPU
		{7659030B-18DD-411A-B776-5C95A1ACEACC}.Debug|x86.ActiveCfg = Debug|Any CPU
		{7659030B-18DD-411A-B776-5C95A1ACEACC}.Release|Any CPU.ActiveCfg = Release|Any CPU
		{7659030B-18DD-411A-B776-5C95A1ACEACC}.Release|Any CPU.Build.0 = Release|Any CPU
		{7659030B-18DD-411A-B776-5C95A1ACEACC}.Release|Mixed Platforms.ActiveCfg = Release|Any CPU
		{7659030B-18DD-411A-B776-5C95A1ACEACC}.Release|Mixed Platforms.Build.0 = Release|Any CPU
		{7659030B-18DD-411A-B776-5C95A1ACEACC}.Release|x86.ActiveCfg = Release|Any CPU
		{29A52D4C-716E-4B7C-87CE-CCA59168DD03}.Debug|Any CPU.ActiveCfg = Debug|x86
		{29A52D4C-716E-4B7C-87CE-CCA59168DD03}.Debug|Mixed Platforms.ActiveCfg = Debug|x86
		{29A52D4C-716E-4B7C-87CE-CCA59168DD03}.Debug|Mixed Platforms.Build.0 = Debug|x86
		{29A52D4C-716E-4B7C-87CE-CCA59168DD03}.Debug|x86.ActiveCfg = Debug|x86
		{29A52D4C-716E-4B7C-87CE-CCA59168DD03}.Debug|x86.Build.0 = Debug|x86
		{29A52D4C-716E-4B7C-87CE-CCA59168DD03}.Release|Any CPU.ActiveCfg = Release|x86
		{29A52D4C-716E-4B7C-87CE-CCA59168DD03}.Release|Mixed Platforms.ActiveCfg = Release|x86
		{29A52D4C-716E-4B7C-87CE-CCA59168DD03}.Release|Mixed Platforms.Build.0 = Release|x86
		{29A52D4C-716E-4B7C-87CE-CCA59168DD03}.Release|x86.ActiveCfg = Release|x86
		{29A52D4C-716E-4B7C-87CE-CCA59168DD03}.Release|x86.Build.0 = Release|x86
	EndGlobalSection
	GlobalSection(SolutionProperties) = preSolution
		HideSolutionNode = FALSE
	EndGlobalSection
EndGlobal
